
Microsoft Visual Studio Solution File, Format Version 12.00
# Visual Studio Version 16
VisualStudioVersion = 16.0.31911.196
MinimumVisualStudioVersion = 10.0.40219.1
Project("{FAE04EC0-301F-11D3-BF4B-00C04F79EFBC}") = "D.s.j. VFX Tool For MPS3", "Destrin Visual Tool\D.s.j. VFX Tool For MPS3.csproj", "{3A628C52-65DA-4430-804B-8097C12F5AF3}"
EndProject
Global
	GlobalSection(SolutionConfigurationPlatforms) = preSolution
		Debug|Any CPU = Debug|Any CPU
		Release 1.0|Any CPU = Release 1.0|Any CPU
		Release 1.5|Any CPU = Release 1.5|Any CPU
		Release 2.0|Any CPU = Release 2.0|Any CPU
		Release 3.0|Any CPU = Release 3.0|Any CPU
		Release|Any CPU = Release|Any CPU
		Snap 2.5|Any CPU = Snap 2.5|Any CPU
	EndGlobalSection
	GlobalSection(ProjectConfigurationPlatforms) = postSolution
		{3A628C52-65DA-4430-804B-8097C12F5AF3}.Debug|Any CPU.ActiveCfg = Debug|Any CPU
		{3A628C52-65DA-4430-804B-8097C12F5AF3}.Debug|Any CPU.Build.0 = Debug|Any CPU
		{3A628C52-65DA-4430-804B-8097C12F5AF3}.Release 1.0|Any CPU.ActiveCfg = Release 1.0|Any CPU
		{3A628C52-65DA-4430-804B-8097C12F5AF3}.Release 1.0|Any CPU.Build.0 = Release 1.0|Any CPU
		{3A628C52-65DA-4430-804B-8097C12F5AF3}.Release 1.5|Any CPU.ActiveCfg = Release 1.5|Any CPU
		{3A628C52-65DA-4430-804B-8097C12F5AF3}.Release 1.5|Any CPU.Build.0 = Release 1.5|Any CPU
		{3A628C52-65DA-4430-804B-8097C12F5AF3}.Release 2.0|Any CPU.ActiveCfg = Release 2.0|Any CPU
		{3A628C52-65DA-4430-804B-8097C12F5AF3}.Release 2.0|Any CPU.Build.0 = Release 2.0|Any CPU
		{3A628C52-65DA-4430-804B-8097C12F5AF3}.Release 3.0|Any CPU.ActiveCfg = Release 3.0|Any CPU
		{3A628C52-65DA-4430-804B-8097C12F5AF3}.Release 3.0|Any CPU.Build.0 = Release 3.0|Any CPU
		{3A628C52-65DA-4430-804B-8097C12F5AF3}.Release|Any CPU.ActiveCfg = Debug|Any CPU
		{3A628C52-65DA-4430-804B-8097C12F5AF3}.Release|Any CPU.Build.0 = Debug|Any CPU
		{3A628C52-65DA-4430-804B-8097C12F5AF3}.Snap 2.5|Any CPU.ActiveCfg = Snap 2.5|Any CPU
		{3A628C52-65DA-4430-804B-8097C12F5AF3}.Snap 2.5|Any CPU.Build.0 = Snap 2.5|Any CPU
	EndGlobalSection
	GlobalSection(SolutionProperties) = preSolution
		HideSolutionNode = FALSE
	EndGlobalSection
	GlobalSection(ExtensibilityGlobals) = postSolution
		SolutionGuid = {F52477CA-7AC8-4C0A-A684-9BC2F37FF41D}
	EndGlobalSection
EndGlobal
